
Microsoft Visual Studio Solution File, Format Version 12.00
# Visual Studio Version 17
VisualStudioVersion = 17.0.31903.59
MinimumVisualStudioVersion = 10.0.40219.1
Project("{2150E333-8FDC-42A3-9474-1A3956D46DE8}") = "src", "src", "{827E0CD3-B72D-47B6-A68D-7590B98EB39B}"
EndProject
Project("{FAE04EC0-301F-11D3-BF4B-00C04F79EFBC}") = "AssetManagement.Domain", "src\AssetManagement.Domain\AssetManagement.Domain.csproj", "{B8A8C406-0617-4C24-9F97-9D99150001C1}"
EndProject
Project("{FAE04EC0-301F-11D3-BF4B-00C04F79EFBC}") = "AssetManagement.Application", "src\AssetManagement.Application\AssetManagement.Application.csproj", "{03A9488C-8F69-4E43-BC7A-89A5C24B2A6C}"
EndProject
Project("{FAE04EC0-301F-11D3-BF4B-00C04F79EFBC}") = "AssetManagement.Infrastructure", "src\AssetManagement.Infrastructure\AssetManagement.Infrastructure.csproj", "{3AF11394-A25A-47EC-9CAB-2816D13110E2}"
EndProject
Project("{FAE04EC0-301F-11D3-BF4B-00C04F79EFBC}") = "AssetManagement.Api", "src\AssetManagement.Api\AssetManagement.Api.csproj", "{8F77499D-5487-4B0F-8303-8376D8D5CCD8}"
EndProject
Project("{2150E333-8FDC-42A3-9474-1A3956D46DE8}") = "tests", "tests", "{0AB3BF05-4346-4AA6-1389-037BE0695223}"
EndProject
Project("{FAE04EC0-301F-11D3-BF4B-00C04F79EFBC}") = "AssetManagement.UnitTests", "tests\AssetManagement.UnitTests\AssetManagement.UnitTests.csproj", "{E87A2AC9-8AEB-4478-B95B-4D5708247580}"
EndProject
Project("{FAE04EC0-301F-11D3-BF4B-00C04F79EFBC}") = "AssetManagement.IntegrationTests", "tests\AssetManagement.IntegrationTests\AssetManagement.IntegrationTests.csproj", "{5665077A-639C-4E9D-849B-EAD441E348DD}"
EndProject
Global
	GlobalSection(SolutionConfigurationPlatforms) = preSolution
		Debug|Any CPU = Debug|Any CPU
		Debug|x64 = Debug|x64
		Debug|x86 = Debug|x86
		Release|Any CPU = Release|Any CPU
		Release|x64 = Release|x64
		Release|x86 = Release|x86
	EndGlobalSection
	GlobalSection(ProjectConfigurationPlatforms) = postSolution
		{B8A8C406-0617-4C24-9F97-9D99150001C1}.Debug|Any CPU.ActiveCfg = Debug|Any CPU
		{B8A8C406-0617-4C24-9F97-9D99150001C1}.Debug|Any CPU.Build.0 = Debug|Any CPU
		{B8A8C406-0617-4C24-9F97-9D99150001C1}.Debug|x64.ActiveCfg = Debug|Any CPU
		{B8A8C406-0617-4C24-9F97-9D99150001C1}.Debug|x64.Build.0 = Debug|Any CPU
		{B8A8C406-0617-4C24-9F97-9D99150001C1}.Debug|x86.ActiveCfg = Debug|Any CPU
		{B8A8C406-0617-4C24-9F97-9D99150001C1}.Debug|x86.Build.0 = Debug|Any CPU
		{B8A8C406-0617-4C24-9F97-9D99150001C1}.Release|Any CPU.ActiveCfg = Release|Any CPU
		{B8A8C406-0617-4C24-9F97-9D99150001C1}.Release|Any CPU.Build.0 = Release|Any CPU
		{B8A8C406-0617-4C24-9F97-9D99150001C1}.Release|x64.ActiveCfg = Release|Any CPU
		{B8A8C406-0617-4C24-9F97-9D99150001C1}.Release|x64.Build.0 = Release|Any CPU
		{B8A8C406-0617-4C24-9F97-9D99150001C1}.Release|x86.ActiveCfg = Release|Any CPU
		{B8A8C406-0617-4C24-9F97-9D99150001C1}.Release|x86.Build.0 = Release|Any CPU
		{03A9488C-8F69-4E43-BC7A-89A5C24B2A6C}.Debug|Any CPU.ActiveCfg = Debug|Any CPU
		{03A9488C-8F69-4E43-BC7A-89A5C24B2A6C}.Debug|Any CPU.Build.0 = Debug|Any CPU
		{03A9488C-8F69-4E43-BC7A-89A5C24B2A6C}.Debug|x64.ActiveCfg = Debug|Any CPU
		{03A9488C-8F69-4E43-BC7A-89A5C24B2A6C}.Debug|x64.Build.0 = Debug|Any CPU
		{03A9488C-8F69-4E43-BC7A-89A5C24B2A6C}.Debug|x86.ActiveCfg = Debug|Any CPU
		{03A9488C-8F69-4E43-BC7A-89A5C24B2A6C}.Debug|x86.Build.0 = Debug|Any CPU
		{03A9488C-8F69-4E43-BC7A-89A5C24B2A6C}.Release|Any CPU.ActiveCfg = Release|Any CPU
		{03A9488C-8F69-4E43-BC7A-89A5C24B2A6C}.Release|Any CPU.Build.0 = Release|Any CPU
		{03A9488C-8F69-4E43-BC7A-89A5C24B2A6C}.Release|x64.ActiveCfg = Release|Any CPU
		{03A9488C-8F69-4E43-BC7A-89A5C24B2A6C}.Release|x64.Build.0 = Release|Any CPU
		{03A9488C-8F69-4E43-BC7A-89A5C24B2A6C}.Release|x86.ActiveCfg = Release|Any CPU
		{03A9488C-8F69-4E43-BC7A-89A5C24B2A6C}.Release|x86.Build.0 = Release|Any CPU
		{3AF11394-A25A-47EC-9CAB-2816D13110E2}.Debug|Any CPU.ActiveCfg = Debug|Any CPU
		{3AF11394-A25A-47EC-9CAB-2816D13110E2}.Debug|Any CPU.Build.0 = Debug|Any CPU
		{3AF11394-A25A-47EC-9CAB-2816D13110E2}.Debug|x64.ActiveCfg = Debug|Any CPU
		{3AF11394-A25A-47EC-9CAB-2816D13110E2}.Debug|x64.Build.0 = Debug|Any CPU
		{3AF11394-A25A-47EC-9CAB-2816D13110E2}.Debug|x86.ActiveCfg = Debug|Any CPU
		{3AF11394-A25A-47EC-9CAB-2816D13110E2}.Debug|x86.Build.0 = Debug|Any CPU
		{3AF11394-A25A-47EC-9CAB-2816D13110E2}.Release|Any CPU.ActiveCfg = Release|Any CPU
		{3AF11394-A25A-47EC-9CAB-2816D13110E2}.Release|Any CPU.Build.0 = Release|Any CPU
		{3AF11394-A25A-47EC-9CAB-2816D13110E2}.Release|x64.ActiveCfg = Release|Any CPU
		{3AF11394-A25A-47EC-9CAB-2816D13110E2}.Release|x64.Build.0 = Release|Any CPU
		{3AF11394-A25A-47EC-9CAB-2816D13110E2}.Release|x86.ActiveCfg = Release|Any CPU
		{3AF11394-A25A-47EC-9CAB-2816D13110E2}.Release|x86.Build.0 = Release|Any CPU
		{8F77499D-5487-4B0F-8303-8376D8D5CCD8}.Debug|Any CPU.ActiveCfg = Debug|Any CPU
		{8F77499D-5487-4B0F-8303-8376D8D5CCD8}.Debug|Any CPU.Build.0 = Debug|Any CPU
		{8F77499D-5487-4B0F-8303-8376D8D5CCD8}.Debug|x64.ActiveCfg = Debug|Any CPU
		{8F77499D-5487-4B0F-8303-8376D8D5CCD8}.Debug|x64.Build.0 = Debug|Any CPU
		{8F77499D-5487-4B0F-8303-8376D8D5CCD8}.Debug|x86.ActiveCfg = Debug|Any CPU
		{8F77499D-5487-4B0F-8303-8376D8D5CCD8}.Debug|x86.Build.0 = Debug|Any CPU
		{8F77499D-5487-4B0F-8303-8376D8D5CCD8}.Release|Any CPU.ActiveCfg = Release|Any CPU
		{8F77499D-5487-4B0F-8303-8376D8D5CCD8}.Release|Any CPU.Build.0 = Release|Any CPU
		{8F77499D-5487-4B0F-8303-8376D8D5CCD8}.Release|x64.ActiveCfg = Release|Any CPU
		{8F77499D-5487-4B0F-8303-8376D8D5CCD8}.Release|x64.Build.0 = Release|Any CPU
		{8F77499D-5487-4B0F-8303-8376D8D5CCD8}.Release|x86.ActiveCfg = Release|Any CPU
		{8F77499D-5487-4B0F-8303-8376D8D5CCD8}.Release|x86.Build.0 = Release|Any CPU
		{E87A2AC9-8AEB-4478-B95B-4D5708247580}.Debug|Any CPU.ActiveCfg = Debug|Any CPU
		{E87A2AC9-8AEB-4478-B95B-4D5708247580}.Debug|Any CPU.Build.0 = Debug|Any CPU
		{E87A2AC9-8AEB-4478-B95B-4D5708247580}.Debug|x64.ActiveCfg = Debug|Any CPU
		{E87A2AC9-8AEB-4478-B95B-4D5708247580}.Debug|x64.Build.0 = Debug|Any CPU
		{E87A2AC9-8AEB-4478-B95B-4D5708247580}.Debug|x86.ActiveCfg = Debug|Any CPU
		{E87A2AC9-8AEB-4478-B95B-4D5708247580}.Debug|x86.Build.0 = Debug|Any CPU
		{E87A2AC9-8AEB-4478-B95B-4D5708247580}.Release|Any CPU.ActiveCfg = Release|Any CPU
		{E87A2AC9-8AEB-4478-B95B-4D5708247580}.Release|Any CPU.Build.0 = Release|Any CPU
		{E87A2AC9-8AEB-4478-B95B-4D5708247580}.Release|x64.ActiveCfg = Release|Any CPU
		{E87A2AC9-8AEB-4478-B95B-4D5708247580}.Release|x64.Build.0 = Release|Any CPU
		{E87A2AC9-8AEB-4478-B95B-4D5708247580}.Release|x86.ActiveCfg = Release|Any CPU
		{E87A2AC9-8AEB-4478-B95B-4D5708247580}.Release|x86.Build.0 = Release|Any CPU
		{5665077A-639C-4E9D-849B-EAD441E348DD}.Debug|Any CPU.ActiveCfg = Debug|Any CPU
		{5665077A-639C-4E9D-849B-EAD441E348DD}.Debug|Any CPU.Build.0 = Debug|Any CPU
		{5665077A-639C-4E9D-849B-EAD441E348DD}.Debug|x64.ActiveCfg = Debug|Any CPU
		{5665077A-639C-4E9D-849B-EAD441E348DD}.Debug|x64.Build.0 = Debug|Any CPU
		{5665077A-639C-4E9D-849B-EAD441E348DD}.Debug|x86.ActiveCfg = Debug|Any CPU
		{5665077A-639C-4E9D-849B-EAD441E348DD}.Debug|x86.Build.0 = Debug|Any CPU
		{5665077A-639C-4E9D-849B-EAD441E348DD}.Release|Any CPU.ActiveCfg = Release|Any CPU
		{5665077A-639C-4E9D-849B-EAD441E348DD}.Release|Any CPU.Build.0 = Release|Any CPU
		{5665077A-639C-4E9D-849B-EAD441E348DD}.Release|x64.ActiveCfg = Release|Any CPU
		{5665077A-639C-4E9D-849B-EAD441E348DD}.Release|x64.Build.0 = Release|Any CPU
		{5665077A-639C-4E9D-849B-EAD441E348DD}.Release|x86.ActiveCfg = Release|Any CPU
		{5665077A-639C-4E9D-849B-EAD441E348DD}.Release|x86.Build.0 = Release|Any CPU
	EndGlobalSection
	GlobalSection(SolutionProperties) = preSolution
		HideSolutionNode = FALSE
	EndGlobalSection
	GlobalSection(NestedProjects) = preSolution
		{B8A8C406-0617-4C24-9F97-9D99150001C1} = {827E0CD3-B72D-47B6-A68D-7590B98EB39B}
		{03A9488C-8F69-4E43-BC7A-89A5C24B2A6C} = {827E0CD3-B72D-47B6-A68D-7590B98EB39B}
		{3AF11394-A25A-47EC-9CAB-2816D13110E2} = {827E0CD3-B72D-47B6-A68D-7590B98EB39B}
		{8F77499D-5487-4B0F-8303-8376D8D5CCD8} = {827E0CD3-B72D-47B6-A68D-7590B98EB39B}
		{E87A2AC9-8AEB-4478-B95B-4D5708247580} = {0AB3BF05-4346-4AA6-1389-037BE0695223}
		{5665077A-639C-4E9D-849B-EAD441E348DD} = {0AB3BF05-4346-4AA6-1389-037BE0695223}
	EndGlobalSection
EndGlobal
